// !$*UTF8*$!
{
	archiveVersion = 1;
	classes = {
	};
	objectVersion = 50;
	objects = {

/* Begin PBXBuildFile section */
		54722A99256A2B8600CB8A1D /* AppDelegate.swift in Sources */ = {isa = PBXBuildFile; fileRef = 54722A98256A2B8600CB8A1D /* AppDelegate.swift */; };
		54722A9B256A2B8600CB8A1D /* SceneDelegate.swift in Sources */ = {isa = PBXBuildFile; fileRef = 54722A9A256A2B8600CB8A1D /* SceneDelegate.swift */; };
		54722AA0256A2B8600CB8A1D /* Main.storyboard in Resources */ = {isa = PBXBuildFile; fileRef = 54722A9E256A2B8600CB8A1D /* Main.storyboard */; };
		54722AA2256A2B8600CB8A1D /* Assets.xcassets in Resources */ = {isa = PBXBuildFile; fileRef = 54722AA1256A2B8600CB8A1D /* Assets.xcassets */; };
		54722AA5256A2B8600CB8A1D /* LaunchScreen.storyboard in Resources */ = {isa = PBXBuildFile; fileRef = 54722AA3256A2B8600CB8A1D /* LaunchScreen.storyboard */; };
		54722AB0256A2B8600CB8A1D /* AnimteMangaTopItemListTests.swift in Sources */ = {isa = PBXBuildFile; fileRef = 54722AAF256A2B8600CB8A1D /* AnimteMangaTopItemListTests.swift */; };
		54722ABC256A2CE100CB8A1D /* MainTabViewController.swift in Sources */ = {isa = PBXBuildFile; fileRef = 54722ABB256A2CE100CB8A1D /* MainTabViewController.swift */; };
		54722AC0256A2D7400CB8A1D /* HomeViewController.swift in Sources */ = {isa = PBXBuildFile; fileRef = 54722ABF256A2D7400CB8A1D /* HomeViewController.swift */; };
		54722AC2256A2D9B00CB8A1D /* FavoritesViewController.swift in Sources */ = {isa = PBXBuildFile; fileRef = 54722AC1256A2D9B00CB8A1D /* FavoritesViewController.swift */; };
		54722AC7256A2FB500CB8A1D /* JikanClientTests.swift in Sources */ = {isa = PBXBuildFile; fileRef = 54722AC6256A2FB500CB8A1D /* JikanClientTests.swift */; };
		54722ACA256A302000CB8A1D /* JikanClient.swift in Sources */ = {isa = PBXBuildFile; fileRef = 54722AC9256A302000CB8A1D /* JikanClient.swift */; };
		54722ACE256A346B00CB8A1D /* MockURLSession.swift in Sources */ = {isa = PBXBuildFile; fileRef = 54722ACD256A346B00CB8A1D /* MockURLSession.swift */; };
		54722AD0256A347600CB8A1D /* MockURLSessionDataTask.swift in Sources */ = {isa = PBXBuildFile; fileRef = 54722ACF256A347600CB8A1D /* MockURLSessionDataTask.swift */; };
/* End PBXBuildFile section */

/* Begin PBXContainerItemProxy section */
		54722AAC256A2B8600CB8A1D /* PBXContainerItemProxy */ = {
			isa = PBXContainerItemProxy;
			containerPortal = 54722A8D256A2B8600CB8A1D /* Project object */;
			proxyType = 1;
			remoteGlobalIDString = 54722A94256A2B8600CB8A1D;
			remoteInfo = AnimteMangaTopItemList;
		};
/* End PBXContainerItemProxy section */

/* Begin PBXFileReference section */
		54722A95256A2B8600CB8A1D /* AnimteMangaTopItemList.app */ = {isa = PBXFileReference; explicitFileType = wrapper.application; includeInIndex = 0; path = AnimteMangaTopItemList.app; sourceTree = BUILT_PRODUCTS_DIR; };
		54722A98256A2B8600CB8A1D /* AppDelegate.swift */ = {isa = PBXFileReference; lastKnownFileType = sourcecode.swift; path = AppDelegate.swift; sourceTree = "<group>"; };
		54722A9A256A2B8600CB8A1D /* SceneDelegate.swift */ = {isa = PBXFileReference; lastKnownFileType = sourcecode.swift; path = SceneDelegate.swift; sourceTree = "<group>"; };
		54722A9F256A2B8600CB8A1D /* Base */ = {isa = PBXFileReference; lastKnownFileType = file.storyboard; name = Base; path = Base.lproj/Main.storyboard; sourceTree = "<group>"; };
		54722AA1256A2B8600CB8A1D /* Assets.xcassets */ = {isa = PBXFileReference; lastKnownFileType = folder.assetcatalog; path = Assets.xcassets; sourceTree = "<group>"; };
		54722AA4256A2B8600CB8A1D /* Base */ = {isa = PBXFileReference; lastKnownFileType = file.storyboard; name = Base; path = Base.lproj/LaunchScreen.storyboard; sourceTree = "<group>"; };
		54722AA6256A2B8600CB8A1D /* Info.plist */ = {isa = PBXFileReference; lastKnownFileType = text.plist.xml; path = Info.plist; sourceTree = "<group>"; };
		54722AAB256A2B8600CB8A1D /* AnimteMangaTopItemListTests.xctest */ = {isa = PBXFileReference; explicitFileType = wrapper.cfbundle; includeInIndex = 0; path = AnimteMangaTopItemListTests.xctest; sourceTree = BUILT_PRODUCTS_DIR; };
		54722AAF256A2B8600CB8A1D /* AnimteMangaTopItemListTests.swift */ = {isa = PBXFileReference; lastKnownFileType = sourcecode.swift; path = AnimteMangaTopItemListTests.swift; sourceTree = "<group>"; };
		54722AB1256A2B8600CB8A1D /* Info.plist */ = {isa = PBXFileReference; lastKnownFileType = text.plist.xml; path = Info.plist; sourceTree = "<group>"; };
		54722ABB256A2CE100CB8A1D /* MainTabViewController.swift */ = {isa = PBXFileReference; lastKnownFileType = sourcecode.swift; path = MainTabViewController.swift; sourceTree = "<group>"; };
		54722ABF256A2D7400CB8A1D /* HomeViewController.swift */ = {isa = PBXFileReference; lastKnownFileType = sourcecode.swift; path = HomeViewController.swift; sourceTree = "<group>"; };
		54722AC1256A2D9B00CB8A1D /* FavoritesViewController.swift */ = {isa = PBXFileReference; lastKnownFileType = sourcecode.swift; path = FavoritesViewController.swift; sourceTree = "<group>"; };
		54722AC6256A2FB500CB8A1D /* JikanClientTests.swift */ = {isa = PBXFileReference; lastKnownFileType = sourcecode.swift; path = JikanClientTests.swift; sourceTree = "<group>"; };
		54722AC9256A302000CB8A1D /* JikanClient.swift */ = {isa = PBXFileReference; lastKnownFileType = sourcecode.swift; path = JikanClient.swift; sourceTree = "<group>"; };
		54722ACD256A346B00CB8A1D /* MockURLSession.swift */ = {isa = PBXFileReference; lastKnownFileType = sourcecode.swift; path = MockURLSession.swift; sourceTree = "<group>"; };
		54722ACF256A347600CB8A1D /* MockURLSessionDataTask.swift */ = {isa = PBXFileReference; lastKnownFileType = sourcecode.swift; path = MockURLSessionDataTask.swift; sourceTree = "<group>"; };
/* End PBXFileReference section */

/* Begin PBXFrameworksBuildPhase section */
		54722A92256A2B8600CB8A1D /* Frameworks */ = {
			isa = PBXFrameworksBuildPhase;
			buildActionMask = 2147483647;
			files = (
			);
			runOnlyForDeploymentPostprocessing = 0;
		};
		54722AA8256A2B8600CB8A1D /* Frameworks */ = {
			isa = PBXFrameworksBuildPhase;
			buildActionMask = 2147483647;
			files = (
			);
			runOnlyForDeploymentPostprocessing = 0;
		};
/* End PBXFrameworksBuildPhase section */

/* Begin PBXGroup section */
		54722A8C256A2B8600CB8A1D = {
			isa = PBXGroup;
			children = (
				54722A97256A2B8600CB8A1D /* AnimteMangaTopItemList */,
				54722AAE256A2B8600CB8A1D /* AnimteMangaTopItemListTests */,
				54722A96256A2B8600CB8A1D /* Products */,
			);
			sourceTree = "<group>";
		};
		54722A96256A2B8600CB8A1D /* Products */ = {
			isa = PBXGroup;
			children = (
				54722A95256A2B8600CB8A1D /* AnimteMangaTopItemList.app */,
				54722AAB256A2B8600CB8A1D /* AnimteMangaTopItemListTests.xctest */,
			);
			name = Products;
			sourceTree = "<group>";
		};
		54722A97256A2B8600CB8A1D /* AnimteMangaTopItemList */ = {
			isa = PBXGroup;
			children = (
				54722AC8256A301100CB8A1D /* Networking */,
				54722ABA256A2CD000CB8A1D /* Controllers */,
				54722A98256A2B8600CB8A1D /* AppDelegate.swift */,
				54722A9A256A2B8600CB8A1D /* SceneDelegate.swift */,
				54722A9E256A2B8600CB8A1D /* Main.storyboard */,
				54722AA1256A2B8600CB8A1D /* Assets.xcassets */,
				54722AA3256A2B8600CB8A1D /* LaunchScreen.storyboard */,
				54722AA6256A2B8600CB8A1D /* Info.plist */,
			);
			path = AnimteMangaTopItemList;
			sourceTree = "<group>";
		};
		54722AAE256A2B8600CB8A1D /* AnimteMangaTopItemListTests */ = {
			isa = PBXGroup;
			children = (
				54722ACC256A345B00CB8A1D /* Cases */,
				54722ACB256A344F00CB8A1D /* Mocks */,
				54722AAF256A2B8600CB8A1D /* AnimteMangaTopItemListTests.swift */,
				54722AB1256A2B8600CB8A1D /* Info.plist */,
			);
			path = AnimteMangaTopItemListTests;
			sourceTree = "<group>";
		};
		54722ABA256A2CD000CB8A1D /* Controllers */ = {
			isa = PBXGroup;
			children = (
				54722ABB256A2CE100CB8A1D /* MainTabViewController.swift */,
				54722ABF256A2D7400CB8A1D /* HomeViewController.swift */,
				54722AC1256A2D9B00CB8A1D /* FavoritesViewController.swift */,
			);
			path = Controllers;
			sourceTree = "<group>";
		};
		54722AC3256A2F6200CB8A1D /* Networking */ = {
			isa = PBXGroup;
			children = (
				54722AC6256A2FB500CB8A1D /* JikanClientTests.swift */,
			);
			path = Networking;
			sourceTree = "<group>";
		};
		54722AC8256A301100CB8A1D /* Networking */ = {
			isa = PBXGroup;
			children = (
				54722AC9256A302000CB8A1D /* JikanClient.swift */,
			);
			path = Networking;
			sourceTree = "<group>";
		};
		54722ACB256A344F00CB8A1D /* Mocks */ = {
			isa = PBXGroup;
			children = (
				54722ACD256A346B00CB8A1D /* MockURLSession.swift */,
				54722ACF256A347600CB8A1D /* MockURLSessionDataTask.swift */,
			);
			path = Mocks;
			sourceTree = "<group>";
		};
		54722ACC256A345B00CB8A1D /* Cases */ = {
			isa = PBXGroup;
			children = (
				54722AC3256A2F6200CB8A1D /* Networking */,
			);
			path = Cases;
			sourceTree = "<group>";
		};
/* End PBXGroup section */

/* Begin PBXNativeTarget section */
		54722A94256A2B8600CB8A1D /* AnimteMangaTopItemList */ = {
			isa = PBXNativeTarget;
			buildConfigurationList = 54722AB4256A2B8600CB8A1D /* Build configuration list for PBXNativeTarget "AnimteMangaTopItemList" */;
			buildPhases = (
				54722A91256A2B8600CB8A1D /* Sources */,
				54722A92256A2B8600CB8A1D /* Frameworks */,
				54722A93256A2B8600CB8A1D /* Resources */,
			);
			buildRules = (
			);
			dependencies = (
			);
			name = AnimteMangaTopItemList;
			productName = AnimteMangaTopItemList;
			productReference = 54722A95256A2B8600CB8A1D /* AnimteMangaTopItemList.app */;
			productType = "com.apple.product-type.application";
		};
		54722AAA256A2B8600CB8A1D /* AnimteMangaTopItemListTests */ = {
			isa = PBXNativeTarget;
			buildConfigurationList = 54722AB7256A2B8600CB8A1D /* Build configuration list for PBXNativeTarget "AnimteMangaTopItemListTests" */;
			buildPhases = (
				54722AA7256A2B8600CB8A1D /* Sources */,
				54722AA8256A2B8600CB8A1D /* Frameworks */,
				54722AA9256A2B8600CB8A1D /* Resources */,
			);
			buildRules = (
			);
			dependencies = (
				54722AAD256A2B8600CB8A1D /* PBXTargetDependency */,
			);
			name = AnimteMangaTopItemListTests;
			productName = AnimteMangaTopItemListTests;
			productReference = 54722AAB256A2B8600CB8A1D /* AnimteMangaTopItemListTests.xctest */;
			productType = "com.apple.product-type.bundle.unit-test";
		};
/* End PBXNativeTarget section */

/* Begin PBXProject section */
		54722A8D256A2B8600CB8A1D /* Project object */ = {
			isa = PBXProject;
			attributes = {
				LastSwiftUpdateCheck = 1160;
				LastUpgradeCheck = 1160;
				ORGANIZATIONNAME = "David";
				TargetAttributes = {
					54722A94256A2B8600CB8A1D = {
						CreatedOnToolsVersion = 11.6;
					};
					54722AAA256A2B8600CB8A1D = {
						CreatedOnToolsVersion = 11.6;
						TestTargetID = 54722A94256A2B8600CB8A1D;
					};
				};
			};
			buildConfigurationList = 54722A90256A2B8600CB8A1D /* Build configuration list for PBXProject "AnimteMangaTopItemList" */;
			compatibilityVersion = "Xcode 9.3";
			developmentRegion = en;
			hasScannedForEncodings = 0;
			knownRegions = (
				en,
				Base,
			);
			mainGroup = 54722A8C256A2B8600CB8A1D;
			productRefGroup = 54722A96256A2B8600CB8A1D /* Products */;
			projectDirPath = "";
			projectRoot = "";
			targets = (
				54722A94256A2B8600CB8A1D /* AnimteMangaTopItemList */,
				54722AAA256A2B8600CB8A1D /* AnimteMangaTopItemListTests */,
			);
		};
/* End PBXProject section */

/* Begin PBXResourcesBuildPhase section */
		54722A93256A2B8600CB8A1D /* Resources */ = {
			isa = PBXResourcesBuildPhase;
			buildActionMask = 2147483647;
			files = (
				54722AA5256A2B8600CB8A1D /* LaunchScreen.storyboard in Resources */,
				54722AA2256A2B8600CB8A1D /* Assets.xcassets in Resources */,
				54722AA0256A2B8600CB8A1D /* Main.storyboard in Resources */,
			);
			runOnlyForDeploymentPostprocessing = 0;
		};
		54722AA9256A2B8600CB8A1D /* Resources */ = {
			isa = PBXResourcesBuildPhase;
			buildActionMask = 2147483647;
			files = (
			);
			runOnlyForDeploymentPostprocessing = 0;
		};
/* End PBXResourcesBuildPhase section */

/* Begin PBXSourcesBuildPhase section */
		54722A91256A2B8600CB8A1D /* Sources */ = {
			isa = PBXSourcesBuildPhase;
			buildActionMask = 2147483647;
			files = (
				54722AC0256A2D7400CB8A1D /* HomeViewController.swift in Sources */,
				54722ABC256A2CE100CB8A1D /* MainTabViewController.swift in Sources */,
				54722ACA256A302000CB8A1D /* JikanClient.swift in Sources */,
				54722A99256A2B8600CB8A1D /* AppDelegate.swift in Sources */,
				54722AC2256A2D9B00CB8A1D /* FavoritesViewController.swift in Sources */,
				54722A9B256A2B8600CB8A1D /* SceneDelegate.swift in Sources */,
			);
			runOnlyForDeploymentPostprocessing = 0;
		};
		54722AA7256A2B8600CB8A1D /* Sources */ = {
			isa = PBXSourcesBuildPhase;
			buildActionMask = 2147483647;
			files = (
				54722ACE256A346B00CB8A1D /* MockURLSession.swift in Sources */,
				54722AD0256A347600CB8A1D /* MockURLSessionDataTask.swift in Sources */,
				54722AC7256A2FB500CB8A1D /* JikanClientTests.swift in Sources */,
				54722AB0256A2B8600CB8A1D /* AnimteMangaTopItemListTests.swift in Sources */,
			);
			runOnlyForDeploymentPostprocessing = 0;
		};
/* End PBXSourcesBuildPhase section */

/* Begin PBXTargetDependency section */
		54722AAD256A2B8600CB8A1D /* PBXTargetDependency */ = {
			isa = PBXTargetDependency;
			target = 54722A94256A2B8600CB8A1D /* AnimteMangaTopItemList */;
			targetProxy = 54722AAC256A2B8600CB8A1D /* PBXContainerItemProxy */;
		};
/* End PBXTargetDependency section */

/* Begin PBXVariantGroup section */
		54722A9E256A2B8600CB8A1D /* Main.storyboard */ = {
			isa = PBXVariantGroup;
			children = (
				54722A9F256A2B8600CB8A1D /* Base */,
			);
			name = Main.storyboard;
			sourceTree = "<group>";
		};
		54722AA3256A2B8600CB8A1D /* LaunchScreen.storyboard */ = {
			isa = PBXVariantGroup;
			children = (
				54722AA4256A2B8600CB8A1D /* Base */,
			);
			name = LaunchScreen.storyboard;
			sourceTree = "<group>";
		};
/* End PBXVariantGroup section */

/* Begin XCBuildConfiguration section */
		54722AB2256A2B8600CB8A1D /* Debug */ = {
			isa = XCBuildConfiguration;
			buildSettings = {
				ALWAYS_SEARCH_USER_PATHS = NO;
				CLANG_ANALYZER_NONNULL = YES;
				CLANG_ANALYZER_NUMBER_OBJECT_CONVERSION = YES_AGGRESSIVE;
				CLANG_CXX_LANGUAGE_STANDARD = "gnu++14";
				CLANG_CXX_LIBRARY = "libc++";
				CLANG_ENABLE_MODULES = YES;
				CLANG_ENABLE_OBJC_ARC = YES;
				CLANG_ENABLE_OBJC_WEAK = YES;
				CLANG_WARN_BLOCK_CAPTURE_AUTORELEASING = YES;
				CLANG_WARN_BOOL_CONVERSION = YES;
				CLANG_WARN_COMMA = YES;
				CLANG_WARN_CONSTANT_CONVERSION = YES;
				CLANG_WARN_DEPRECATED_OBJC_IMPLEMENTATIONS = YES;
				CLANG_WARN_DIRECT_OBJC_ISA_USAGE = YES_ERROR;
				CLANG_WARN_DOCUMENTATION_COMMENTS = YES;
				CLANG_WARN_EMPTY_BODY = YES;
				CLANG_WARN_ENUM_CONVERSION = YES;
				CLANG_WARN_INFINITE_RECURSION = YES;
				CLANG_WARN_INT_CONVERSION = YES;
				CLANG_WARN_NON_LITERAL_NULL_CONVERSION = YES;
				CLANG_WARN_OBJC_IMPLICIT_RETAIN_SELF = YES;
				CLANG_WARN_OBJC_LITERAL_CONVERSION = YES;
				CLANG_WARN_OBJC_ROOT_CLASS = YES_ERROR;
				CLANG_WARN_RANGE_LOOP_ANALYSIS = YES;
				CLANG_WARN_STRICT_PROTOTYPES = YES;
				CLANG_WARN_SUSPICIOUS_MOVE = YES;
				CLANG_WARN_UNGUARDED_AVAILABILITY = YES_AGGRESSIVE;
				CLANG_WARN_UNREACHABLE_CODE = YES;
				CLANG_WARN__DUPLICATE_METHOD_MATCH = YES;
				COPY_PHASE_STRIP = NO;
				DEBUG_INFORMATION_FORMAT = dwarf;
				ENABLE_STRICT_OBJC_MSGSEND = YES;
				ENABLE_TESTABILITY = YES;
				GCC_C_LANGUAGE_STANDARD = gnu11;
				GCC_DYNAMIC_NO_PIC = NO;
				GCC_NO_COMMON_BLOCKS = YES;
				GCC_OPTIMIZATION_LEVEL = 0;
				GCC_PREPROCESSOR_DEFINITIONS = (
					"DEBUG=1",
					"$(inherited)",
				);
				GCC_WARN_64_TO_32_BIT_CONVERSION = YES;
				GCC_WARN_ABOUT_RETURN_TYPE = YES_ERROR;
				GCC_WARN_UNDECLARED_SELECTOR = YES;
				GCC_WARN_UNINITIALIZED_AUTOS = YES_AGGRESSIVE;
				GCC_WARN_UNUSED_FUNCTION = YES;
				GCC_WARN_UNUSED_VARIABLE = YES;
				IPHONEOS_DEPLOYMENT_TARGET = 13.6;
				MTL_ENABLE_DEBUG_INFO = INCLUDE_SOURCE;
				MTL_FAST_MATH = YES;
				ONLY_ACTIVE_ARCH = YES;
				SDKROOT = iphoneos;
				SWIFT_ACTIVE_COMPILATION_CONDITIONS = DEBUG;
				SWIFT_OPTIMIZATION_LEVEL = "-Onone";
			};
			name = Debug;
		};
		54722AB3256A2B8600CB8A1D /* Release */ = {
			isa = XCBuildConfiguration;
			buildSettings = {
				ALWAYS_SEARCH_USER_PATHS = NO;
				CLANG_ANALYZER_NONNULL = YES;
				CLANG_ANALYZER_NUMBER_OBJECT_CONVERSION = YES_AGGRESSIVE;
				CLANG_CXX_LANGUAGE_STANDARD = "gnu++14";
				CLANG_CXX_LIBRARY = "libc++";
				CLANG_ENABLE_MODULES = YES;
				CLANG_ENABLE_OBJC_ARC = YES;
				CLANG_ENABLE_OBJC_WEAK = YES;
				CLANG_WARN_BLOCK_CAPTURE_AUTORELEASING = YES;
				CLANG_WARN_BOOL_CONVERSION = YES;
				CLANG_WARN_COMMA = YES;
				CLANG_WARN_CONSTANT_CONVERSION = YES;
				CLANG_WARN_DEPRECATED_OBJC_IMPLEMENTATIONS = YES;
				CLANG_WARN_DIRECT_OBJC_ISA_USAGE = YES_ERROR;
				CLANG_WARN_DOCUMENTATION_COMMENTS = YES;
				CLANG_WARN_EMPTY_BODY = YES;
				CLANG_WARN_ENUM_CONVERSION = YES;
				CLANG_WARN_INFINITE_RECURSION = YES;
				CLANG_WARN_INT_CONVERSION = YES;
				CLANG_WARN_NON_LITERAL_NULL_CONVERSION = YES;
				CLANG_WARN_OBJC_IMPLICIT_RETAIN_SELF = YES;
				CLANG_WARN_OBJC_LITERAL_CONVERSION = YES;
				CLANG_WARN_OBJC_ROOT_CLASS = YES_ERROR;
				CLANG_WARN_RANGE_LOOP_ANALYSIS = YES;
				CLANG_WARN_STRICT_PROTOTYPES = YES;
				CLANG_WARN_SUSPICIOUS_MOVE = YES;
				CLANG_WARN_UNGUARDED_AVAILABILITY = YES_AGGRESSIVE;
				CLANG_WARN_UNREACHABLE_CODE = YES;
				CLANG_WARN__DUPLICATE_METHOD_MATCH = YES;
				COPY_PHASE_STRIP = NO;
				DEBUG_INFORMATION_FORMAT = "dwarf-with-dsym";
				ENABLE_NS_ASSERTIONS = NO;
				ENABLE_STRICT_OBJC_MSGSEND = YES;
				GCC_C_LANGUAGE_STANDARD = gnu11;
				GCC_NO_COMMON_BLOCKS = YES;
				GCC_WARN_64_TO_32_BIT_CONVERSION = YES;
				GCC_WARN_ABOUT_RETURN_TYPE = YES_ERROR;
				GCC_WARN_UNDECLARED_SELECTOR = YES;
				GCC_WARN_UNINITIALIZED_AUTOS = YES_AGGRESSIVE;
				GCC_WARN_UNUSED_FUNCTION = YES;
				GCC_WARN_UNUSED_VARIABLE = YES;
				IPHONEOS_DEPLOYMENT_TARGET = 13.6;
				MTL_ENABLE_DEBUG_INFO = NO;
				MTL_FAST_MATH = YES;
				SDKROOT = iphoneos;
				SWIFT_COMPILATION_MODE = wholemodule;
				SWIFT_OPTIMIZATION_LEVEL = "-O";
				VALIDATE_PRODUCT = YES;
			};
			name = Release;
		};
		54722AB5256A2B8600CB8A1D /* Debug */ = {
			isa = XCBuildConfiguration;
			buildSettings = {
				ASSETCATALOG_COMPILER_APPICON_NAME = AppIcon;
				CODE_SIGN_STYLE = Automatic;
				DEVELOPMENT_TEAM = 36872U436D;
				INFOPLIST_FILE = AnimteMangaTopItemList/Info.plist;
				IPHONEOS_DEPLOYMENT_TARGET = 13.0;
				LD_RUNPATH_SEARCH_PATHS = (
					"$(inherited)",
					"@executable_path/Frameworks",
				);
				PRODUCT_BUNDLE_IDENTIFIER = com.dvdlee.AnimteMangaTopItemList;
				PRODUCT_NAME = "$(TARGET_NAME)";
				SWIFT_VERSION = 5.0;
				TARGETED_DEVICE_FAMILY = "1,2";
			};
			name = Debug;
		};
		54722AB6256A2B8600CB8A1D /* Release */ = {
			isa = XCBuildConfiguration;
			buildSettings = {
				ASSETCATALOG_COMPILER_APPICON_NAME = AppIcon;
				CODE_SIGN_STYLE = Automatic;
				DEVELOPMENT_TEAM = 36872U436D;
				INFOPLIST_FILE = AnimteMangaTopItemList/Info.plist;
				IPHONEOS_DEPLOYMENT_TARGET = 13.0;
				LD_RUNPATH_SEARCH_PATHS = (
					"$(inherited)",
					"@executable_path/Frameworks",
				);
				PRODUCT_BUNDLE_IDENTIFIER = com.dvdlee.AnimteMangaTopItemList;
				PRODUCT_NAME = "$(TARGET_NAME)";
				SWIFT_VERSION = 5.0;
				TARGETED_DEVICE_FAMILY = "1,2";
			};
			name = Release;
		};
		54722AB8256A2B8600CB8A1D /* Debug */ = {
			isa = XCBuildConfiguration;
			buildSettings = {
				ALWAYS_EMBED_SWIFT_STANDARD_LIBRARIES = YES;
				BUNDLE_LOADER = "$(TEST_HOST)";
				CODE_SIGN_STYLE = Automatic;
				DEVELOPMENT_TEAM = 36872U436D;
				INFOPLIST_FILE = AnimteMangaTopItemListTests/Info.plist;
				IPHONEOS_DEPLOYMENT_TARGET = 13.6;
				LD_RUNPATH_SEARCH_PATHS = (
					"$(inherited)",
					"@executable_path/Frameworks",
					"@loader_path/Frameworks",
				);
				PRODUCT_BUNDLE_IDENTIFIER = com.dvdlee.AnimteMangaTopItemListTests;
				PRODUCT_NAME = "$(TARGET_NAME)";
				SWIFT_VERSION = 5.0;
				TARGETED_DEVICE_FAMILY = "1,2";
				TEST_HOST = "$(BUILT_PRODUCTS_DIR)/AnimteMangaTopItemList.app/AnimteMangaTopItemList";
			};
			name = Debug;
		};
		54722AB9256A2B8600CB8A1D /* Release */ = {
			isa = XCBuildConfiguration;
			buildSettings = {
				ALWAYS_EMBED_SWIFT_STANDARD_LIBRARIES = YES;
				BUNDLE_LOADER = "$(TEST_HOST)";
				CODE_SIGN_STYLE = Automatic;
				DEVELOPMENT_TEAM = 36872U436D;
				INFOPLIST_FILE = AnimteMangaTopItemListTests/Info.plist;
				IPHONEOS_DEPLOYMENT_TARGET = 13.6;
				LD_RUNPATH_SEARCH_PATHS = (
					"$(inherited)",
					"@executable_path/Frameworks",
					"@loader_path/Frameworks",
				);
				PRODUCT_BUNDLE_IDENTIFIER = com.dvdlee.AnimteMangaTopItemListTests;
				PRODUCT_NAME = "$(TARGET_NAME)";
				SWIFT_VERSION = 5.0;
				TARGETED_DEVICE_FAMILY = "1,2";
				TEST_HOST = "$(BUILT_PRODUCTS_DIR)/AnimteMangaTopItemList.app/AnimteMangaTopItemList";
			};
			name = Release;
		};
/* End XCBuildConfiguration section */

/* Begin XCConfigurationList section */
		54722A90256A2B8600CB8A1D /* Build configuration list for PBXProject "AnimteMangaTopItemList" */ = {
			isa = XCConfigurationList;
			buildConfigurations = (
				54722AB2256A2B8600CB8A1D /* Debug */,
				54722AB3256A2B8600CB8A1D /* Release */,
			);
			defaultConfigurationIsVisible = 0;
			defaultConfigurationName = Release;
		};
		54722AB4256A2B8600CB8A1D /* Build configuration list for PBXNativeTarget "AnimteMangaTopItemList" */ = {
			isa = XCConfigurationList;
			buildConfigurations = (
				54722AB5256A2B8600CB8A1D /* Debug */,
				54722AB6256A2B8600CB8A1D /* Release */,
			);
			defaultConfigurationIsVisible = 0;
			defaultConfigurationName = Release;
		};
		54722AB7256A2B8600CB8A1D /* Build configuration list for PBXNativeTarget "AnimteMangaTopItemListTests" */ = {
			isa = XCConfigurationList;
			buildConfigurations = (
				54722AB8256A2B8600CB8A1D /* Debug */,
				54722AB9256A2B8600CB8A1D /* Release */,
			);
			defaultConfigurationIsVisible = 0;
			defaultConfigurationName = Release;
		};
/* End XCConfigurationList section */
	};
	rootObject = 54722A8D256A2B8600CB8A1D /* Project object */;
}
